
Microsoft Visual Studio Solution File, Format Version 12.00
# Visual Studio Version 17
VisualStudioVersion = 17.5.33627.172
MinimumVisualStudioVersion = 10.0.40219.1
Project("{FAE04EC0-301F-11D3-BF4B-00C04F79EFBC}") = "WindowsFormsApp10", "WindowsFormsApp10\WindowsFormsApp10.csproj", "{95C1DE2B-5D9E-4FF0-B5F6-0A867ECAC920}"
EndProject
Global
	GlobalSection(SolutionConfigurationPlatforms) = preSolution
		Debug|Any CPU = Debug|Any CPU
		Release|Any CPU = Release|Any CPU
	EndGlobalSection
	GlobalSection(ProjectConfigurationPlatforms) = postSolution
		{95C1DE2B-5D9E-4FF0-B5F6-0A867ECAC920}.Debug|Any CPU.ActiveCfg = Debug|Any CPU
		{95C1DE2B-5D9E-4FF0-B5F6-0A867ECAC920}.Debug|Any CPU.Build.0 = Debug|Any CPU
		{95C1DE2B-5D9E-4FF0-B5F6-0A867ECAC920}.Release|Any CPU.ActiveCfg = Release|Any CPU
		{95C1DE2B-5D9E-4FF0-B5F6-0A867ECAC920}.Release|Any CPU.Build.0 = Release|Any CPU
	EndGlobalSection
	GlobalSection(SolutionProperties) = preSolution
		HideSolutionNode = FALSE
	EndGlobalSection
	GlobalSection(ExtensibilityGlobals) = postSolution
		SolutionGuid = {19F663FE-2966-493A-BE15-7C2E61CE05B0}
	EndGlobalSection
EndGlobal
